
Microsoft Visual Studio Solution File, Format Version 12.00
# Visual Studio Version 17
VisualStudioVersion = 17.13.35931.197
MinimumVisualStudioVersion = 10.0.40219.1
Project("{FAE04EC0-301F-11D3-BF4B-00C04F79EFBC}") = "FirstDegree", "FirstDegree\FirstDegree.csproj", "{E174A1BD-D49E-4631-9B1A-40A3E03FFA2E}"
EndProject
Project("{FAE04EC0-301F-11D3-BF4B-00C04F79EFBC}") = "SimpleCaculation", "SimpleCaculation\SimpleCaculation.csproj", "{D1B171F4-494A-4B06-A907-0F40E3CB4BE3}"
EndProject
Project("{FAE04EC0-301F-11D3-BF4B-00C04F79EFBC}") = "FullStructureProject", "FullStructureProject\FullStructureProject.csproj", "{B674FD22-EC62-476E-ABFA-4F6397B5DC88}"
EndProject
Project("{FAE04EC0-301F-11D3-BF4B-00C04F79EFBC}") = "VarandDynamic", "VarandDynamic\VarandDynamic.csproj", "{3516E130-0D5D-4878-965A-FF94C2290C6F}"
EndProject
Project("{FAE04EC0-301F-11D3-BF4B-00C04F79EFBC}") = "SecondDEgree", "SecondDEgree\SecondDEgree.csproj", "{621540AE-2F31-40AF-A252-A4FC26539A41}"
EndProject
Project("{FAE04EC0-301F-11D3-BF4B-00C04F79EFBC}") = "StringInteraction", "StringInteraction\StringInteraction.csproj", "{0556E189-E5A8-4EB9-9123-3C1F993FC5FE}"
EndProject
Project("{FAE04EC0-301F-11D3-BF4B-00C04F79EFBC}") = "CallByReferent", "CallByReferent\CallByReferent.csproj", "{56B3520E-AD17-491A-91A3-EE513C438814}"
EndProject
Project("{FAE04EC0-301F-11D3-BF4B-00C04F79EFBC}") = "TypeparseAndRoot", "TypeparseAndRoot\TypeparseAndRoot.csproj", "{EFE53BBF-5BBE-4229-9328-B3C633F18DB9}"
EndProject
Project("{FAE04EC0-301F-11D3-BF4B-00C04F79EFBC}") = "ParamForArray", "ParamForArray\ParamForArray.csproj", "{7C047FB4-2B39-4634-AF92-0169C8C953F0}"
EndProject
Project("{FAE04EC0-301F-11D3-BF4B-00C04F79EFBC}") = "NonStatic&Static", "NonStatic&Static\NonStatic&Static.csproj", "{4652E1BE-C618-4B46-B66E-1B420E4AFBA6}"
EndProject
Project("{FAE04EC0-301F-11D3-BF4B-00C04F79EFBC}") = "Tupels", "Tupels\Tupels.csproj", "{14175149-8A44-40EB-A8E3-1F65B8A323AA}"
EndProject
Project("{FAE04EC0-301F-11D3-BF4B-00C04F79EFBC}") = "SapXepArray", "SapXepArray\SapXepArray.csproj", "{9550A1EC-88B4-4976-BFD9-2D911BD8DAD7}"
EndProject
Project("{FAE04EC0-301F-11D3-BF4B-00C04F79EFBC}") = "Loopmatrix", "Loopmatrix\Loopmatrix.csproj", "{DBA77A5A-2340-4219-8581-F42E69254B9C}"
EndProject
Project("{FAE04EC0-301F-11D3-BF4B-00C04F79EFBC}") = "OOP1", "OOP1\OOP1.csproj", "{0E2D4397-B76C-4415-B158-307832D79BF3}"
EndProject
Project("{FAE04EC0-301F-11D3-BF4B-00C04F79EFBC}") = "OOP2", "OOP2\OOP2.csproj", "{B240B848-BB57-4B10-B62F-246B2DB8B39E}"
EndProject
Project("{FAE04EC0-301F-11D3-BF4B-00C04F79EFBC}") = "OOP3", "OOP3\OOP3.csproj", "{9B7A68CF-2FB7-4E99-BC2A-CC94A0A9393D}"
EndProject
Project("{FAE04EC0-301F-11D3-BF4B-00C04F79EFBC}") = "OOP2_Reuse_as_Library", "OOP2_Reuse_as_Library\OOP2_Reuse_as_Library.csproj", "{7C5E97AD-77B0-4EE1-A3A6-E0A8011CD9F0}"
EndProject
Project("{FAE04EC0-301F-11D3-BF4B-00C04F79EFBC}") = "OOP4_Generic_Connection", "OOP4_Generic_Connection\OOP4_Generic_Connection.csproj", "{0C54D17F-5A78-4F17-8F3F-E165BBDE5E12}"
EndProject
Project("{FAE04EC0-301F-11D3-BF4B-00C04F79EFBC}") = "OOP5-Dictionary", "OOP5-Dictionary\OOP5-Dictionary.csproj", "{B48AC2EA-47A7-4CF3-A1B9-051417C404E9}"
EndProject
Project("{FAE04EC0-301F-11D3-BF4B-00C04F79EFBC}") = "BuilderPattern", "chapter5\BuilderPattern\BuilderPattern.csproj", "{CA79B1A6-DD41-AEF6-7BF0-A7D9706996FA}"
EndProject
Project("{2150E333-8FDC-42A3-9474-1A3956D46DE8}") = "chapter5", "chapter5", "{02EA681E-C7D8-13C7-8484-4AC65E1B71E8}"
EndProject
Project("{FAE04EC0-301F-11D3-BF4B-00C04F79EFBC}") = "FactoriesPattern", "chapter5\FactoriesPattern\FactoriesPattern.csproj", "{EE0BAB35-78EB-7239-EA86-47199BBA8F83}"
EndProject
Project("{FAE04EC0-301F-11D3-BF4B-00C04F79EFBC}") = "ObserverPattern", "chapter5\ObserverPattern\ObserverPattern.csproj", "{9D21791C-6B8D-3D2F-D529-F9BFCE1BC979}"
EndProject
Project("{FAE04EC0-301F-11D3-BF4B-00C04F79EFBC}") = "PrototypePattern", "chapter5\PrototypePattern\PrototypePattern.csproj", "{EF915746-A058-D8FF-5699-754FDE195129}"
EndProject
Project("{FAE04EC0-301F-11D3-BF4B-00C04F79EFBC}") = "SingletonPattern", "chapter5\SingletonPattern\SingletonPattern.csproj", "{DB8D403D-B7C5-7D76-0190-CB45EBCE652A}"
EndProject
Project("{FAE04EC0-301F-11D3-BF4B-00C04F79EFBC}") = "DemoAliasAndClone", "DemoAliasAndClone\DemoAliasAndClone.csproj", "{2BDD88E3-9672-495C-87F1-0D8BE3512799}"
EndProject
Project("{2150E333-8FDC-42A3-9474-1A3956D46DE8}") = "chapter6", "chapter6", "{8C0B3331-7783-4B97-82AF-93F6F1BF2A31}"
EndProject
Project("{FAE04EC0-301F-11D3-BF4B-00C04F79EFBC}") = "DemoDelegate", "DemoDelegate\DemoDelegate.csproj", "{1B1071EC-B3BF-4AF0-9F98-DA76519248B4}"
EndProject
Project("{FAE04EC0-301F-11D3-BF4B-00C04F79EFBC}") = "DemoLinQ", "DemoLinQ\DemoLinQ.csproj", "{4DB708DF-3433-4540-8A22-0DE8689FBE0B}"
EndProject
Project("{FAE04EC0-301F-11D3-BF4B-00C04F79EFBC}") = "DemoLinQToObject2", "DemoLinQToObject2\DemoLinQToObject2.csproj", "{0EBB6302-8CA3-47F6-A48A-5DA2B6291668}"
EndProject
Project("{FAE04EC0-301F-11D3-BF4B-00C04F79EFBC}") = "DemoLinQToSQL", "DemoLinQToSQL\DemoLinQToSQL.csproj", "{27E50200-DCFC-4393-AA2B-309F389C9966}"
EndProject
Project("{FAE04EC0-301F-11D3-BF4B-00C04F79EFBC}") = "Lucy_SaleManagement", "Lucy_SaleManagement\Lucy_SaleManagement.csproj", "{FF3B8BE9-D609-479E-B91E-7A0A6991682B}"
EndProject
Project("{2150E333-8FDC-42A3-9474-1A3956D46DE8}") = "chapter7", "chapter7", "{7A93506F-9F9C-4EAD-B99F-B04BEAFFF8BF}"
EndProject
Project("{FAE04EC0-301F-11D3-BF4B-00C04F79EFBC}") = "Services", "C:\Users\phuvo\Desktop\New folder\PRN212-SE1855\PRN212-SE1855\Services\Services.csproj", "{0C1EC194-AA8E-7882-EC42-228490BF44D4}"
EndProject
Project("{FAE04EC0-301F-11D3-BF4B-00C04F79EFBC}") = "WpfApp", "C:\Users\phuvo\Desktop\New folder\PRN212-SE1855\PRN212-SE1855\WpfApp\WpfApp.csproj", "{4A5F1A43-8BB9-3242-EFE6-17483FDE69EE}"
EndProject
Project("{FAE04EC0-301F-11D3-BF4B-00C04F79EFBC}") = "Repositories", "C:\Users\phuvo\Desktop\New folder\PRN212-SE1855\PRN212-SE1855\Repositories\Repositories.csproj", "{0E194182-0322-459B-E535-B41591471132}"
EndProject
Project("{FAE04EC0-301F-11D3-BF4B-00C04F79EFBC}") = "BusinessObjects", "C:\Users\phuvo\Desktop\New folder\PRN212-SE1855\PRN212-SE1855\BusinessObjects\BusinessObjects.csproj", "{9FD9A176-382E-902E-E09D-48200F938E87}"
EndProject
Project("{2150E333-8FDC-42A3-9474-1A3956D46DE8}") = "chapter8", "chapter8", "{3D154EE2-1F7A-4C3E-A9E5-564022D70F68}"
EndProject
Project("{FAE04EC0-301F-11D3-BF4B-00C04F79EFBC}") = "MyStoreWpfApp_EF", "MyStoreWpfApp_EF\MyStoreWpfApp_EF.csproj", "{8B64E979-27FF-4479-99CF-61120BAB36EE}"
EndProject
Global
	GlobalSection(SolutionConfigurationPlatforms) = preSolution
		Debug|Any CPU = Debug|Any CPU
		Release|Any CPU = Release|Any CPU
	EndGlobalSection
	GlobalSection(ProjectConfigurationPlatforms) = postSolution
		{E174A1BD-D49E-4631-9B1A-40A3E03FFA2E}.Debug|Any CPU.ActiveCfg = Debug|Any CPU
		{E174A1BD-D49E-4631-9B1A-40A3E03FFA2E}.Debug|Any CPU.Build.0 = Debug|Any CPU
		{E174A1BD-D49E-4631-9B1A-40A3E03FFA2E}.Release|Any CPU.ActiveCfg = Release|Any CPU
		{E174A1BD-D49E-4631-9B1A-40A3E03FFA2E}.Release|Any CPU.Build.0 = Release|Any CPU
		{D1B171F4-494A-4B06-A907-0F40E3CB4BE3}.Debug|Any CPU.ActiveCfg = Debug|Any CPU
		{D1B171F4-494A-4B06-A907-0F40E3CB4BE3}.Debug|Any CPU.Build.0 = Debug|Any CPU
		{D1B171F4-494A-4B06-A907-0F40E3CB4BE3}.Release|Any CPU.ActiveCfg = Release|Any CPU
		{D1B171F4-494A-4B06-A907-0F40E3CB4BE3}.Release|Any CPU.Build.0 = Release|Any CPU
		{B674FD22-EC62-476E-ABFA-4F6397B5DC88}.Debug|Any CPU.ActiveCfg = Debug|Any CPU
		{B674FD22-EC62-476E-ABFA-4F6397B5DC88}.Debug|Any CPU.Build.0 = Debug|Any CPU
		{B674FD22-EC62-476E-ABFA-4F6397B5DC88}.Release|Any CPU.ActiveCfg = Release|Any CPU
		{B674FD22-EC62-476E-ABFA-4F6397B5DC88}.Release|Any CPU.Build.0 = Release|Any CPU
		{3516E130-0D5D-4878-965A-FF94C2290C6F}.Debug|Any CPU.ActiveCfg = Debug|Any CPU
		{3516E130-0D5D-4878-965A-FF94C2290C6F}.Debug|Any CPU.Build.0 = Debug|Any CPU
		{3516E130-0D5D-4878-965A-FF94C2290C6F}.Release|Any CPU.ActiveCfg = Release|Any CPU
		{3516E130-0D5D-4878-965A-FF94C2290C6F}.Release|Any CPU.Build.0 = Release|Any CPU
		{621540AE-2F31-40AF-A252-A4FC26539A41}.Debug|Any CPU.ActiveCfg = Debug|Any CPU
		{621540AE-2F31-40AF-A252-A4FC26539A41}.Debug|Any CPU.Build.0 = Debug|Any CPU
		{621540AE-2F31-40AF-A252-A4FC26539A41}.Release|Any CPU.ActiveCfg = Release|Any CPU
		{621540AE-2F31-40AF-A252-A4FC26539A41}.Release|Any CPU.Build.0 = Release|Any CPU
		{0556E189-E5A8-4EB9-9123-3C1F993FC5FE}.Debug|Any CPU.ActiveCfg = Debug|Any CPU
		{0556E189-E5A8-4EB9-9123-3C1F993FC5FE}.Debug|Any CPU.Build.0 = Debug|Any CPU
		{0556E189-E5A8-4EB9-9123-3C1F993FC5FE}.Release|Any CPU.ActiveCfg = Release|Any CPU
		{0556E189-E5A8-4EB9-9123-3C1F993FC5FE}.Release|Any CPU.Build.0 = Release|Any CPU
		{56B3520E-AD17-491A-91A3-EE513C438814}.Debug|Any CPU.ActiveCfg = Debug|Any CPU
		{56B3520E-AD17-491A-91A3-EE513C438814}.Debug|Any CPU.Build.0 = Debug|Any CPU
		{56B3520E-AD17-491A-91A3-EE513C438814}.Release|Any CPU.ActiveCfg = Release|Any CPU
		{56B3520E-AD17-491A-91A3-EE513C438814}.Release|Any CPU.Build.0 = Release|Any CPU
		{EFE53BBF-5BBE-4229-9328-B3C633F18DB9}.Debug|Any CPU.ActiveCfg = Debug|Any CPU
		{EFE53BBF-5BBE-4229-9328-B3C633F18DB9}.Debug|Any CPU.Build.0 = Debug|Any CPU
		{EFE53BBF-5BBE-4229-9328-B3C633F18DB9}.Release|Any CPU.ActiveCfg = Release|Any CPU
		{EFE53BBF-5BBE-4229-9328-B3C633F18DB9}.Release|Any CPU.Build.0 = Release|Any CPU
		{7C047FB4-2B39-4634-AF92-0169C8C953F0}.Debug|Any CPU.ActiveCfg = Debug|Any CPU
		{7C047FB4-2B39-4634-AF92-0169C8C953F0}.Debug|Any CPU.Build.0 = Debug|Any CPU
		{7C047FB4-2B39-4634-AF92-0169C8C953F0}.Release|Any CPU.ActiveCfg = Release|Any CPU
		{7C047FB4-2B39-4634-AF92-0169C8C953F0}.Release|Any CPU.Build.0 = Release|Any CPU
		{4652E1BE-C618-4B46-B66E-1B420E4AFBA6}.Debug|Any CPU.ActiveCfg = Debug|Any CPU
		{4652E1BE-C618-4B46-B66E-1B420E4AFBA6}.Debug|Any CPU.Build.0 = Debug|Any CPU
		{4652E1BE-C618-4B46-B66E-1B420E4AFBA6}.Release|Any CPU.ActiveCfg = Release|Any CPU
		{4652E1BE-C618-4B46-B66E-1B420E4AFBA6}.Release|Any CPU.Build.0 = Release|Any CPU
		{14175149-8A44-40EB-A8E3-1F65B8A323AA}.Debug|Any CPU.ActiveCfg = Debug|Any CPU
		{14175149-8A44-40EB-A8E3-1F65B8A323AA}.Debug|Any CPU.Build.0 = Debug|Any CPU
		{14175149-8A44-40EB-A8E3-1F65B8A323AA}.Release|Any CPU.ActiveCfg = Release|Any CPU
		{14175149-8A44-40EB-A8E3-1F65B8A323AA}.Release|Any CPU.Build.0 = Release|Any CPU
		{9550A1EC-88B4-4976-BFD9-2D911BD8DAD7}.Debug|Any CPU.ActiveCfg = Debug|Any CPU
		{9550A1EC-88B4-4976-BFD9-2D911BD8DAD7}.Debug|Any CPU.Build.0 = Debug|Any CPU
		{9550A1EC-88B4-4976-BFD9-2D911BD8DAD7}.Release|Any CPU.ActiveCfg = Release|Any CPU
		{9550A1EC-88B4-4976-BFD9-2D911BD8DAD7}.Release|Any CPU.Build.0 = Release|Any CPU
		{DBA77A5A-2340-4219-8581-F42E69254B9C}.Debug|Any CPU.ActiveCfg = Debug|Any CPU
		{DBA77A5A-2340-4219-8581-F42E69254B9C}.Debug|Any CPU.Build.0 = Debug|Any CPU
		{DBA77A5A-2340-4219-8581-F42E69254B9C}.Release|Any CPU.ActiveCfg = Release|Any CPU
		{DBA77A5A-2340-4219-8581-F42E69254B9C}.Release|Any CPU.Build.0 = Release|Any CPU
		{0E2D4397-B76C-4415-B158-307832D79BF3}.Debug|Any CPU.ActiveCfg = Debug|Any CPU
		{0E2D4397-B76C-4415-B158-307832D79BF3}.Debug|Any CPU.Build.0 = Debug|Any CPU
		{0E2D4397-B76C-4415-B158-307832D79BF3}.Release|Any CPU.ActiveCfg = Release|Any CPU
		{0E2D4397-B76C-4415-B158-307832D79BF3}.Release|Any CPU.Build.0 = Release|Any CPU
		{B240B848-BB57-4B10-B62F-246B2DB8B39E}.Debug|Any CPU.ActiveCfg = Debug|Any CPU
		{B240B848-BB57-4B10-B62F-246B2DB8B39E}.Debug|Any CPU.Build.0 = Debug|Any CPU
		{B240B848-BB57-4B10-B62F-246B2DB8B39E}.Release|Any CPU.ActiveCfg = Release|Any CPU
		{B240B848-BB57-4B10-B62F-246B2DB8B39E}.Release|Any CPU.Build.0 = Release|Any CPU
		{9B7A68CF-2FB7-4E99-BC2A-CC94A0A9393D}.Debug|Any CPU.ActiveCfg = Debug|Any CPU
		{9B7A68CF-2FB7-4E99-BC2A-CC94A0A9393D}.Debug|Any CPU.Build.0 = Debug|Any CPU
		{9B7A68CF-2FB7-4E99-BC2A-CC94A0A9393D}.Release|Any CPU.ActiveCfg = Release|Any CPU
		{9B7A68CF-2FB7-4E99-BC2A-CC94A0A9393D}.Release|Any CPU.Build.0 = Release|Any CPU
		{7C5E97AD-77B0-4EE1-A3A6-E0A8011CD9F0}.Debug|Any CPU.ActiveCfg = Debug|Any CPU
		{7C5E97AD-77B0-4EE1-A3A6-E0A8011CD9F0}.Debug|Any CPU.Build.0 = Debug|Any CPU
		{7C5E97AD-77B0-4EE1-A3A6-E0A8011CD9F0}.Release|Any CPU.ActiveCfg = Release|Any CPU
		{7C5E97AD-77B0-4EE1-A3A6-E0A8011CD9F0}.Release|Any CPU.Build.0 = Release|Any CPU
		{0C54D17F-5A78-4F17-8F3F-E165BBDE5E12}.Debug|Any CPU.ActiveCfg = Debug|Any CPU
		{0C54D17F-5A78-4F17-8F3F-E165BBDE5E12}.Debug|Any CPU.Build.0 = Debug|Any CPU
		{0C54D17F-5A78-4F17-8F3F-E165BBDE5E12}.Release|Any CPU.ActiveCfg = Release|Any CPU
		{0C54D17F-5A78-4F17-8F3F-E165BBDE5E12}.Release|Any CPU.Build.0 = Release|Any CPU
		{B48AC2EA-47A7-4CF3-A1B9-051417C404E9}.Debug|Any CPU.ActiveCfg = Debug|Any CPU
		{B48AC2EA-47A7-4CF3-A1B9-051417C404E9}.Debug|Any CPU.Build.0 = Debug|Any CPU
		{B48AC2EA-47A7-4CF3-A1B9-051417C404E9}.Release|Any CPU.ActiveCfg = Release|Any CPU
		{B48AC2EA-47A7-4CF3-A1B9-051417C404E9}.Release|Any CPU.Build.0 = Release|Any CPU
		{CA79B1A6-DD41-AEF6-7BF0-A7D9706996FA}.Debug|Any CPU.ActiveCfg = Debug|Any CPU
		{CA79B1A6-DD41-AEF6-7BF0-A7D9706996FA}.Debug|Any CPU.Build.0 = Debug|Any CPU
		{CA79B1A6-DD41-AEF6-7BF0-A7D9706996FA}.Release|Any CPU.ActiveCfg = Release|Any CPU
		{CA79B1A6-DD41-AEF6-7BF0-A7D9706996FA}.Release|Any CPU.Build.0 = Release|Any CPU
		{EE0BAB35-78EB-7239-EA86-47199BBA8F83}.Debug|Any CPU.ActiveCfg = Debug|Any CPU
		{EE0BAB35-78EB-7239-EA86-47199BBA8F83}.Debug|Any CPU.Build.0 = Debug|Any CPU
		{EE0BAB35-78EB-7239-EA86-47199BBA8F83}.Release|Any CPU.ActiveCfg = Release|Any CPU
		{EE0BAB35-78EB-7239-EA86-47199BBA8F83}.Release|Any CPU.Build.0 = Release|Any CPU
		{9D21791C-6B8D-3D2F-D529-F9BFCE1BC979}.Debug|Any CPU.ActiveCfg = Debug|Any CPU
		{9D21791C-6B8D-3D2F-D529-F9BFCE1BC979}.Debug|Any CPU.Build.0 = Debug|Any CPU
		{9D21791C-6B8D-3D2F-D529-F9BFCE1BC979}.Release|Any CPU.ActiveCfg = Release|Any CPU
		{9D21791C-6B8D-3D2F-D529-F9BFCE1BC979}.Release|Any CPU.Build.0 = Release|Any CPU
		{EF915746-A058-D8FF-5699-754FDE195129}.Debug|Any CPU.ActiveCfg = Debug|Any CPU
		{EF915746-A058-D8FF-5699-754FDE195129}.Debug|Any CPU.Build.0 = Debug|Any CPU
		{EF915746-A058-D8FF-5699-754FDE195129}.Release|Any CPU.ActiveCfg = Release|Any CPU
		{EF915746-A058-D8FF-5699-754FDE195129}.Release|Any CPU.Build.0 = Release|Any CPU
		{DB8D403D-B7C5-7D76-0190-CB45EBCE652A}.Debug|Any CPU.ActiveCfg = Debug|Any CPU
		{DB8D403D-B7C5-7D76-0190-CB45EBCE652A}.Debug|Any CPU.Build.0 = Debug|Any CPU
		{DB8D403D-B7C5-7D76-0190-CB45EBCE652A}.Release|Any CPU.ActiveCfg = Release|Any CPU
		{DB8D403D-B7C5-7D76-0190-CB45EBCE652A}.Release|Any CPU.Build.0 = Release|Any CPU
		{2BDD88E3-9672-495C-87F1-0D8BE3512799}.Debug|Any CPU.ActiveCfg = Debug|Any CPU
		{2BDD88E3-9672-495C-87F1-0D8BE3512799}.Debug|Any CPU.Build.0 = Debug|Any CPU
		{2BDD88E3-9672-495C-87F1-0D8BE3512799}.Release|Any CPU.ActiveCfg = Release|Any CPU
		{2BDD88E3-9672-495C-87F1-0D8BE3512799}.Release|Any CPU.Build.0 = Release|Any CPU
		{1B1071EC-B3BF-4AF0-9F98-DA76519248B4}.Debug|Any CPU.ActiveCfg = Debug|Any CPU
		{1B1071EC-B3BF-4AF0-9F98-DA76519248B4}.Debug|Any CPU.Build.0 = Debug|Any CPU
		{1B1071EC-B3BF-4AF0-9F98-DA76519248B4}.Release|Any CPU.ActiveCfg = Release|Any CPU
		{1B1071EC-B3BF-4AF0-9F98-DA76519248B4}.Release|Any CPU.Build.0 = Release|Any CPU
		{4DB708DF-3433-4540-8A22-0DE8689FBE0B}.Debug|Any CPU.ActiveCfg = Debug|Any CPU
		{4DB708DF-3433-4540-8A22-0DE8689FBE0B}.Debug|Any CPU.Build.0 = Debug|Any CPU
		{4DB708DF-3433-4540-8A22-0DE8689FBE0B}.Release|Any CPU.ActiveCfg = Release|Any CPU
		{4DB708DF-3433-4540-8A22-0DE8689FBE0B}.Release|Any CPU.Build.0 = Release|Any CPU
		{0EBB6302-8CA3-47F6-A48A-5DA2B6291668}.Debug|Any CPU.ActiveCfg = Debug|Any CPU
		{0EBB6302-8CA3-47F6-A48A-5DA2B6291668}.Debug|Any CPU.Build.0 = Debug|Any CPU
		{0EBB6302-8CA3-47F6-A48A-5DA2B6291668}.Release|Any CPU.ActiveCfg = Release|Any CPU
		{0EBB6302-8CA3-47F6-A48A-5DA2B6291668}.Release|Any CPU.Build.0 = Release|Any CPU
		{27E50200-DCFC-4393-AA2B-309F389C9966}.Debug|Any CPU.ActiveCfg = Debug|Any CPU
		{27E50200-DCFC-4393-AA2B-309F389C9966}.Debug|Any CPU.Build.0 = Debug|Any CPU
		{27E50200-DCFC-4393-AA2B-309F389C9966}.Release|Any CPU.ActiveCfg = Release|Any CPU
		{27E50200-DCFC-4393-AA2B-309F389C9966}.Release|Any CPU.Build.0 = Release|Any CPU
		{FF3B8BE9-D609-479E-B91E-7A0A6991682B}.Debug|Any CPU.ActiveCfg = Debug|Any CPU
		{FF3B8BE9-D609-479E-B91E-7A0A6991682B}.Debug|Any CPU.Build.0 = Debug|Any CPU
		{FF3B8BE9-D609-479E-B91E-7A0A6991682B}.Release|Any CPU.ActiveCfg = Release|Any CPU
		{FF3B8BE9-D609-479E-B91E-7A0A6991682B}.Release|Any CPU.Build.0 = Release|Any CPU
		{0C1EC194-AA8E-7882-EC42-228490BF44D4}.Debug|Any CPU.ActiveCfg = Debug|Any CPU
		{0C1EC194-AA8E-7882-EC42-228490BF44D4}.Debug|Any CPU.Build.0 = Debug|Any CPU
		{0C1EC194-AA8E-7882-EC42-228490BF44D4}.Release|Any CPU.ActiveCfg = Release|Any CPU
		{0C1EC194-AA8E-7882-EC42-228490BF44D4}.Release|Any CPU.Build.0 = Release|Any CPU
		{4A5F1A43-8BB9-3242-EFE6-17483FDE69EE}.Debug|Any CPU.ActiveCfg = Debug|Any CPU
		{4A5F1A43-8BB9-3242-EFE6-17483FDE69EE}.Debug|Any CPU.Build.0 = Debug|Any CPU
		{4A5F1A43-8BB9-3242-EFE6-17483FDE69EE}.Release|Any CPU.ActiveCfg = Release|Any CPU
		{4A5F1A43-8BB9-3242-EFE6-17483FDE69EE}.Release|Any CPU.Build.0 = Release|Any CPU
		{0E194182-0322-459B-E535-B41591471132}.Debug|Any CPU.ActiveCfg = Debug|Any CPU
		{0E194182-0322-459B-E535-B41591471132}.Debug|Any CPU.Build.0 = Debug|Any CPU
		{0E194182-0322-459B-E535-B41591471132}.Release|Any CPU.ActiveCfg = Release|Any CPU
		{0E194182-0322-459B-E535-B41591471132}.Release|Any CPU.Build.0 = Release|Any CPU
		{9FD9A176-382E-902E-E09D-48200F938E87}.Debug|Any CPU.ActiveCfg = Debug|Any CPU
		{9FD9A176-382E-902E-E09D-48200F938E87}.Debug|Any CPU.Build.0 = Debug|Any CPU
		{9FD9A176-382E-902E-E09D-48200F938E87}.Release|Any CPU.ActiveCfg = Release|Any CPU
		{9FD9A176-382E-902E-E09D-48200F938E87}.Release|Any CPU.Build.0 = Release|Any CPU
		{8B64E979-27FF-4479-99CF-61120BAB36EE}.Debug|Any CPU.ActiveCfg = Debug|Any CPU
		{8B64E979-27FF-4479-99CF-61120BAB36EE}.Debug|Any CPU.Build.0 = Debug|Any CPU
		{8B64E979-27FF-4479-99CF-61120BAB36EE}.Release|Any CPU.ActiveCfg = Release|Any CPU
		{8B64E979-27FF-4479-99CF-61120BAB36EE}.Release|Any CPU.Build.0 = Release|Any CPU
	EndGlobalSection
	GlobalSection(SolutionProperties) = preSolution
		HideSolutionNode = FALSE
	EndGlobalSection
	GlobalSection(NestedProjects) = preSolution
		{CA79B1A6-DD41-AEF6-7BF0-A7D9706996FA} = {02EA681E-C7D8-13C7-8484-4AC65E1B71E8}
		{EE0BAB35-78EB-7239-EA86-47199BBA8F83} = {02EA681E-C7D8-13C7-8484-4AC65E1B71E8}
		{9D21791C-6B8D-3D2F-D529-F9BFCE1BC979} = {02EA681E-C7D8-13C7-8484-4AC65E1B71E8}
		{EF915746-A058-D8FF-5699-754FDE195129} = {02EA681E-C7D8-13C7-8484-4AC65E1B71E8}
		{DB8D403D-B7C5-7D76-0190-CB45EBCE652A} = {02EA681E-C7D8-13C7-8484-4AC65E1B71E8}
		{2BDD88E3-9672-495C-87F1-0D8BE3512799} = {02EA681E-C7D8-13C7-8484-4AC65E1B71E8}
		{1B1071EC-B3BF-4AF0-9F98-DA76519248B4} = {8C0B3331-7783-4B97-82AF-93F6F1BF2A31}
		{4DB708DF-3433-4540-8A22-0DE8689FBE0B} = {8C0B3331-7783-4B97-82AF-93F6F1BF2A31}
		{0EBB6302-8CA3-47F6-A48A-5DA2B6291668} = {8C0B3331-7783-4B97-82AF-93F6F1BF2A31}
		{27E50200-DCFC-4393-AA2B-309F389C9966} = {8C0B3331-7783-4B97-82AF-93F6F1BF2A31}
		{FF3B8BE9-D609-479E-B91E-7A0A6991682B} = {8C0B3331-7783-4B97-82AF-93F6F1BF2A31}
		{0C1EC194-AA8E-7882-EC42-228490BF44D4} = {7A93506F-9F9C-4EAD-B99F-B04BEAFFF8BF}
		{4A5F1A43-8BB9-3242-EFE6-17483FDE69EE} = {7A93506F-9F9C-4EAD-B99F-B04BEAFFF8BF}
		{0E194182-0322-459B-E535-B41591471132} = {7A93506F-9F9C-4EAD-B99F-B04BEAFFF8BF}
		{9FD9A176-382E-902E-E09D-48200F938E87} = {7A93506F-9F9C-4EAD-B99F-B04BEAFFF8BF}
		{8B64E979-27FF-4479-99CF-61120BAB36EE} = {3D154EE2-1F7A-4C3E-A9E5-564022D70F68}
	EndGlobalSection
	GlobalSection(ExtensibilityGlobals) = postSolution
		SolutionGuid = {D95FFF99-FE14-4B9D-9321-AFBDEBCFA402}
	EndGlobalSection
EndGlobal
